# This file is automatically @generated by Cargo.
# It is not intended for manual editing.
version = 3

[[package]]
name = "bitreader"
version = "0.3.6"
source = "registry+https://github.com/rust-lang/crates.io-index"
checksum = "d84ea71c85d1fe98fe67a9b9988b1695bc24c0b0d3bfb18d4c510f44b4b09941"
dependencies = [
 "cfg-if",
]

[[package]]
name = "cfg-if"
version = "1.0.0"
source = "registry+https://github.com/rust-lang/crates.io-index"
checksum = "baf1de4339761588bc0619e3cbc0120ee582ebb74b53b4efbf79117bd2da40fd"

[[package]]
name = "testing"
version = "0.1.0"
dependencies = [
 "bitreader",
]
